{
  "Version": "4.0.5",
  "Repositories": [
    {
      "Name": "CRAN",
      "URL": "http://cran.rstudio.com"
    },
    {
      "Name": "cloud",
      "URL": "https://cloud.r-project.org"
    }
  ],
  "Packages": {
    "Repositories": [
      {
        "Name": "CRAN",
        "URL": "http://cran.rstudio.com"
      },
      {
        "Name": "cloud",
        "URL": "https://cloud.r-project.org"
      }
    ],
    "Version": "4.0.5",
    "blogdown": {
      "Package": "blogdown",
      "Version": "1.2",
      "Source": "Repository"
    },
    "gert": {
      "Package": "gert",
      "Version": "1.3.0",
      "Source": "Repository"
    },
    "knitr": {
      "Package": "knitr",
      "Version": "1.31",
      "Source": "Repository"
    },
    "renv": {
      "Package": "renv",
      "Version": "0.13.2",
      "Source": "Repository"
    },
    "rmarkdown": {
      "Package": "rmarkdown",
      "Version": "2.7",
      "Source": "Repository"
    },
    "utils": {
      "Package": "utils",
      "Version": "4.0.5",
      "Source": "R"
    }
  }
}
